Microsoft Visual Studio Solution File, Format Version 12.00
# Visual Studio Version 17
VisualStudioVersion = 17.4.33403.182
MinimumVisualStudioVersion = 10.0.40219.1
Project("{9A19103F-16F7-4668-BE54-9A1E7A4F7556}") = "Microsoft.Exchange.WebServices.Data", "Microsoft.Exchange.WebServices.Data\Microsoft.Exchange.WebServices.Data.csproj", "{D183DC5C-CBB9-4C83-BA00-CCE07B02077A}"
EndProject
Project("{9A19103F-16F7-4668-BE54-9A1E7A4F7556}") = "Test", "Test\Test.csproj", "{97B1301A-B165-4976-BD01-A6BFB2391F55}"
EndProject
Global
	GlobalSection(SolutionConfigurationPlatforms) = preSolution
		Debug|Any CPU = Debug|Any CPU
		Release|Any CPU = Release|Any CPU
	EndGlobalSection
	GlobalSection(ProjectConfigurationPlatforms) = postSolution
		{D183DC5C-CBB9-4C83-BA00-CCE07B02077A}.Debug|Any CPU.ActiveCfg = Debug|Any CPU
		{D183DC5C-CBB9-4C83-BA00-CCE07B02077A}.Debug|Any CPU.Build.0 = Debug|Any CPU
		{D183DC5C-CBB9-4C83-BA00-CCE07B02077A}.Release|Any CPU.ActiveCfg = Release|Any CPU
		{D183DC5C-CBB9-4C83-BA00-CCE07B02077A}.Release|Any CPU.Build.0 = Release|Any CPU
		{97B1301A-B165-4976-BD01-A6BFB2391F55}.Debug|Any CPU.ActiveCfg = Debug|Any CPU
		{97B1301A-B165-4976-BD01-A6BFB2391F55}.Debug|Any CPU.Build.0 = Debug|Any CPU
		{97B1301A-B165-4976-BD01-A6BFB2391F55}.Release|Any CPU.ActiveCfg = Release|Any CPU
		{97B1301A-B165-4976-BD01-A6BFB2391F55}.Release|Any CPU.Build.0 = Release|Any CPU
	EndGlobalSection
	GlobalSection(SolutionProperties) = preSolution
		HideSolutionNode = FALSE
	EndGlobalSection
	GlobalSection(ExtensibilityGlobals) = postSolution
		SolutionGuid = {D8E7F14B-97E3-4408-853B-0783B92772B6}
	EndGlobalSection
EndGlobal
